
Microsoft Visual Studio Solution File, Format Version 12.00
# Visual Studio Version 17
VisualStudioVersion = 17.14.36915.13 d17.14
MinimumVisualStudioVersion = 10.0.40219.1
Project("{FAE04EC0-301F-11D3-BF4B-00C04F79EFBC}") = "GGD_CodingLibrary", "GGD_CodingLibrary.csproj", "{A3AA41AC-A3E7-45D4-A048-EC03FF224603}"
EndProject
Global
	GlobalSection(SolutionConfigurationPlatforms) = preSolution
		Debug|Any CPU = Debug|Any CPU
		Release|Any CPU = Release|Any CPU
	EndGlobalSection
	GlobalSection(ProjectConfigurationPlatforms) = postSolution
		{A3AA41AC-A3E7-45D4-A048-EC03FF224603}.Debug|Any CPU.ActiveCfg = Debug|Any CPU
		{A3AA41AC-A3E7-45D4-A048-EC03FF224603}.Debug|Any CPU.Build.0 = Debug|Any CPU
		{A3AA41AC-A3E7-45D4-A048-EC03FF224603}.Release|Any CPU.ActiveCfg = Release|Any CPU
		{A3AA41AC-A3E7-45D4-A048-EC03FF224603}.Release|Any CPU.Build.0 = Release|Any CPU
	EndGlobalSection
	GlobalSection(SolutionProperties) = preSolution
		HideSolutionNode = FALSE
	EndGlobalSection
	GlobalSection(ExtensibilityGlobals) = postSolution
		SolutionGuid = {A2ED07B4-6074-448B-9BDF-F660F3DC6D53}
	EndGlobalSection
EndGlobal
